
Microsoft Visual Studio Solution File, Format Version 11.00
# Visual Studio 2010
Project("{FAE04EC0-301F-11D3-BF4B-00C04F79EFBC}") = "Legacy.Service", "Legacy.Service\Legacy.Service.csproj", "{228A487D-7191-48AD-90C4-0C459450F4C3}"
	ProjectSection(ProjectDependencies) = postProject
		{DD4264B2-7027-4CEF-A855-5990BEDA9C52} = {DD4264B2-7027-4CEF-A855-5990BEDA9C52}
	EndProjectSection
EndProject
Project("{FAE04EC0-301F-11D3-BF4B-00C04F79EFBC}") = "Legacy.UIAutomation.TestSuites", "Legacy.UIAutomation.TestSuites\Legacy.UIAutomation.TestSuites.csproj", "{AEC426D4-3C16-42A1-9A26-D11740F5B8CD}"
	ProjectSection(ProjectDependencies) = postProject
		{228A487D-7191-48AD-90C4-0C459450F4C3} = {228A487D-7191-48AD-90C4-0C459450F4C3}
	EndProjectSection
EndProject
Project("{FAE04EC0-301F-11D3-BF4B-00C04F79EFBC}") = "UIAutomation.Framework", "..\UIAutomationFramework\UIAutomation.Framework\UIAutomation.Framework.csproj", "{DD4264B2-7027-4CEF-A855-5990BEDA9C52}"
EndProject
Global
	GlobalSection(SolutionConfigurationPlatforms) = preSolution
		Debug|Any CPU = Debug|Any CPU
		LegacyDBQA|Any CPU = LegacyDBQA|Any CPU
		Release|Any CPU = Release|Any CPU
	EndGlobalSection
	GlobalSection(ProjectConfigurationPlatforms) = postSolution
		{228A487D-7191-48AD-90C4-0C459450F4C3}.Debug|Any CPU.ActiveCfg = Debug|Any CPU
		{228A487D-7191-48AD-90C4-0C459450F4C3}.Debug|Any CPU.Build.0 = Debug|Any CPU
		{228A487D-7191-48AD-90C4-0C459450F4C3}.LegacyDBQA|Any CPU.ActiveCfg = LegacyDBQA|Any CPU
		{228A487D-7191-48AD-90C4-0C459450F4C3}.LegacyDBQA|Any CPU.Build.0 = LegacyDBQA|Any CPU
		{228A487D-7191-48AD-90C4-0C459450F4C3}.Release|Any CPU.ActiveCfg = Release|Any CPU
		{228A487D-7191-48AD-90C4-0C459450F4C3}.Release|Any CPU.Build.0 = Release|Any CPU
		{AEC426D4-3C16-42A1-9A26-D11740F5B8CD}.Debug|Any CPU.ActiveCfg = Debug|Any CPU
		{AEC426D4-3C16-42A1-9A26-D11740F5B8CD}.Debug|Any CPU.Build.0 = Debug|Any CPU
		{AEC426D4-3C16-42A1-9A26-D11740F5B8CD}.LegacyDBQA|Any CPU.ActiveCfg = LegacyDBQA|Any CPU
		{AEC426D4-3C16-42A1-9A26-D11740F5B8CD}.LegacyDBQA|Any CPU.Build.0 = LegacyDBQA|Any CPU
		{AEC426D4-3C16-42A1-9A26-D11740F5B8CD}.Release|Any CPU.ActiveCfg = Release|Any CPU
		{AEC426D4-3C16-42A1-9A26-D11740F5B8CD}.Release|Any CPU.Build.0 = Release|Any CPU
		{DD4264B2-7027-4CEF-A855-5990BEDA9C52}.Debug|Any CPU.ActiveCfg = Debug|Any CPU
		{DD4264B2-7027-4CEF-A855-5990BEDA9C52}.Debug|Any CPU.Build.0 = Debug|Any CPU
		{DD4264B2-7027-4CEF-A855-5990BEDA9C52}.LegacyDBQA|Any CPU.ActiveCfg = LegacyDBQA|Any CPU
		{DD4264B2-7027-4CEF-A855-5990BEDA9C52}.LegacyDBQA|Any CPU.Build.0 = LegacyDBQA|Any CPU
		{DD4264B2-7027-4CEF-A855-5990BEDA9C52}.Release|Any CPU.ActiveCfg = Release|Any CPU
		{DD4264B2-7027-4CEF-A855-5990BEDA9C52}.Release|Any CPU.Build.0 = Release|Any CPU
	EndGlobalSection
	GlobalSection(SolutionProperties) = preSolution
		HideSolutionNode = FALSE
	EndGlobalSection
EndGlobal
