
Microsoft Visual Studio Solution File, Format Version 12.00
# Visual Studio 14
VisualStudioVersion = 14.0.24720.0
MinimumVisualStudioVersion = 10.0.40219.1
Project("{FAE04EC0-301F-11D3-BF4B-00C04F79EFBC}") = "NewRelicReportExportingTool", "NewRelicReportExportingTool\NewRelicReportExportingTool.csproj", "{27FBC8BB-2D93-489D-8755-87D49B47F2B8}"
EndProject
Project("{FAE04EC0-301F-11D3-BF4B-00C04F79EFBC}") = "NewRelic.WebReporting", "NewRelic.WebReporting\NewRelic.WebReporting.csproj", "{527DAA4B-CBF0-4536-A9B4-0BD1143542DF}"
EndProject
Project("{FAE04EC0-301F-11D3-BF4B-00C04F79EFBC}") = "NewRelicTestFramework", "NewRelicTestFramework\NewRelicTestFramework.csproj", "{B5FF5AF8-6678-4F4F-8D10-9EE1BFD2156A}"
EndProject
Global
	GlobalSection(SolutionConfigurationPlatforms) = preSolution
		Debug|Any CPU = Debug|Any CPU
		Release|Any CPU = Release|Any CPU
	EndGlobalSection
	GlobalSection(ProjectConfigurationPlatforms) = postSolution
		{27FBC8BB-2D93-489D-8755-87D49B47F2B8}.Debug|Any CPU.ActiveCfg = Debug|Any CPU
		{27FBC8BB-2D93-489D-8755-87D49B47F2B8}.Debug|Any CPU.Build.0 = Debug|Any CPU
		{27FBC8BB-2D93-489D-8755-87D49B47F2B8}.Release|Any CPU.ActiveCfg = Release|Any CPU
		{27FBC8BB-2D93-489D-8755-87D49B47F2B8}.Release|Any CPU.Build.0 = Release|Any CPU
		{527DAA4B-CBF0-4536-A9B4-0BD1143542DF}.Debug|Any CPU.ActiveCfg = Debug|Any CPU
		{527DAA4B-CBF0-4536-A9B4-0BD1143542DF}.Debug|Any CPU.Build.0 = Debug|Any CPU
		{527DAA4B-CBF0-4536-A9B4-0BD1143542DF}.Release|Any CPU.ActiveCfg = Release|Any CPU
		{527DAA4B-CBF0-4536-A9B4-0BD1143542DF}.Release|Any CPU.Build.0 = Release|Any CPU
		{B5FF5AF8-6678-4F4F-8D10-9EE1BFD2156A}.Debug|Any CPU.ActiveCfg = Debug|Any CPU
		{B5FF5AF8-6678-4F4F-8D10-9EE1BFD2156A}.Debug|Any CPU.Build.0 = Debug|Any CPU
		{B5FF5AF8-6678-4F4F-8D10-9EE1BFD2156A}.Release|Any CPU.ActiveCfg = Release|Any CPU
		{B5FF5AF8-6678-4F4F-8D10-9EE1BFD2156A}.Release|Any CPU.Build.0 = Release|Any CPU
	EndGlobalSection
	GlobalSection(SolutionProperties) = preSolution
		HideSolutionNode = FALSE
	EndGlobalSection
EndGlobal
